
Microsoft Visual Studio Solution File, Format Version 12.00
# Visual Studio 15
VisualStudioVersion = 15.0.27703.2026
MinimumVisualStudioVersion = 10.0.40219.1
Project("{FAE04EC0-301F-11D3-BF4B-00C04F79EFBC}") = "SocketServer", "SocketServer\SocketServer.csproj", "{700929C2-063A-47F4-ABD6-2449EBD963E6}"
EndProject
Project("{FAE04EC0-301F-11D3-BF4B-00C04F79EFBC}") = "SocketClient", "SocketClient\SocketClient.csproj", "{D79407CD-A041-46EE-9F4A-8BB5776C1334}"
EndProject
Global
	GlobalSection(SolutionConfigurationPlatforms) = preSolution
		Debug|Any CPU = Debug|Any CPU
		Release|Any CPU = Release|Any CPU
	EndGlobalSection
	GlobalSection(ProjectConfigurationPlatforms) = postSolution
		{700929C2-063A-47F4-ABD6-2449EBD963E6}.Debug|Any CPU.ActiveCfg = Debug|Any CPU
		{700929C2-063A-47F4-ABD6-2449EBD963E6}.Debug|Any CPU.Build.0 = Debug|Any CPU
		{700929C2-063A-47F4-ABD6-2449EBD963E6}.Release|Any CPU.ActiveCfg = Release|Any CPU
		{700929C2-063A-47F4-ABD6-2449EBD963E6}.Release|Any CPU.Build.0 = Release|Any CPU
		{D79407CD-A041-46EE-9F4A-8BB5776C1334}.Debug|Any CPU.ActiveCfg = Debug|Any CPU
		{D79407CD-A041-46EE-9F4A-8BB5776C1334}.Debug|Any CPU.Build.0 = Debug|Any CPU
		{D79407CD-A041-46EE-9F4A-8BB5776C1334}.Release|Any CPU.ActiveCfg = Release|Any CPU
		{D79407CD-A041-46EE-9F4A-8BB5776C1334}.Release|Any CPU.Build.0 = Release|Any CPU
	EndGlobalSection
	GlobalSection(SolutionProperties) = preSolution
		HideSolutionNode = FALSE
	EndGlobalSection
	GlobalSection(ExtensibilityGlobals) = postSolution
		SolutionGuid = {D79FEBB3-C834-4B88-BC17-235EEB9B84EE}
	EndGlobalSection
EndGlobal
